
Microsoft Visual Studio Solution File, Format Version 12.00
# Visual Studio Version 17
VisualStudioVersion = 17.4.33205.214
MinimumVisualStudioVersion = 10.0.40219.1
Project("{FAE04EC0-301F-11D3-BF4B-00C04F79EFBC}") = "ProjetoFinalJulia", "ProjetoFinalJulia.csproj", "{477DB8A2-1C22-4DD4-A990-D788B6174026}"
EndProject
Global
	GlobalSection(SolutionConfigurationPlatforms) = preSolution
		Debug|Any CPU = Debug|Any CPU
		Release|Any CPU = Release|Any CPU
	EndGlobalSection
	GlobalSection(ProjectConfigurationPlatforms) = postSolution
		{477DB8A2-1C22-4DD4-A990-D788B6174026}.Debug|Any CPU.ActiveCfg = Debug|Any CPU
		{477DB8A2-1C22-4DD4-A990-D788B6174026}.Debug|Any CPU.Build.0 = Debug|Any CPU
		{477DB8A2-1C22-4DD4-A990-D788B6174026}.Release|Any CPU.ActiveCfg = Release|Any CPU
		{477DB8A2-1C22-4DD4-A990-D788B6174026}.Release|Any CPU.Build.0 = Release|Any CPU
	EndGlobalSection
	GlobalSection(SolutionProperties) = preSolution
		HideSolutionNode = FALSE
	EndGlobalSection
	GlobalSection(ExtensibilityGlobals) = postSolution
		SolutionGuid = {853D7768-6037-4194-B901-6027B7C406FB}
	EndGlobalSection
EndGlobal
